
Microsoft Visual Studio Solution File, Format Version 12.00
Project("{FAE04EC0-301F-11D3-BF4B-00C04F79EFBC}") = "RandomCoffee", "RandomCoffee\RandomCoffee.csproj", "{CC6461EB-9EF2-434A-A79B-51046723D8D8}"
EndProject
Global
	GlobalSection(SolutionConfigurationPlatforms) = preSolution
		Debug|Any CPU = Debug|Any CPU
		Release|Any CPU = Release|Any CPU
	EndGlobalSection
	GlobalSection(ProjectConfigurationPlatforms) = postSolution
		{CC6461EB-9EF2-434A-A79B-51046723D8D8}.Debug|Any CPU.ActiveCfg = Debug|Any CPU
		{CC6461EB-9EF2-434A-A79B-51046723D8D8}.Debug|Any CPU.Build.0 = Debug|Any CPU
		{CC6461EB-9EF2-434A-A79B-51046723D8D8}.Release|Any CPU.ActiveCfg = Release|Any CPU
		{CC6461EB-9EF2-434A-A79B-51046723D8D8}.Release|Any CPU.Build.0 = Release|Any CPU
	EndGlobalSection
EndGlobal
